
Microsoft Visual Studio Solution File, Format Version 12.00
# Visual Studio 15
VisualStudioVersion = 15.0.28307.136
MinimumVisualStudioVersion = 10.0.40219.1
Project("{FAE04EC0-301F-11D3-BF4B-00C04F79EFBC}") = "VideoGameLibrary", "VideoGameLibrary\VideoGameLibrary.csproj", "{DE0EF741-A0A0-419F-A149-5CF8F2AE760B}"
EndProject
Project("{FAE04EC0-301F-11D3-BF4B-00C04F79EFBC}") = "WebGameManager", "WebGameManager\WebGameManager.csproj", "{B2FA8382-0FE9-490E-93D5-1A8A4D4627F2}"
EndProject
Global
	GlobalSection(SolutionConfigurationPlatforms) = preSolution
		Debug|Any CPU = Debug|Any CPU
		Release|Any CPU = Release|Any CPU
	EndGlobalSection
	GlobalSection(ProjectConfigurationPlatforms) = postSolution
		{DE0EF741-A0A0-419F-A149-5CF8F2AE760B}.Debug|Any CPU.ActiveCfg = Debug|Any CPU
		{DE0EF741-A0A0-419F-A149-5CF8F2AE760B}.Debug|Any CPU.Build.0 = Debug|Any CPU
		{DE0EF741-A0A0-419F-A149-5CF8F2AE760B}.Release|Any CPU.ActiveCfg = Release|Any CPU
		{DE0EF741-A0A0-419F-A149-5CF8F2AE760B}.Release|Any CPU.Build.0 = Release|Any CPU
		{B2FA8382-0FE9-490E-93D5-1A8A4D4627F2}.Debug|Any CPU.ActiveCfg = Debug|Any CPU
		{B2FA8382-0FE9-490E-93D5-1A8A4D4627F2}.Debug|Any CPU.Build.0 = Debug|Any CPU
		{B2FA8382-0FE9-490E-93D5-1A8A4D4627F2}.Release|Any CPU.ActiveCfg = Release|Any CPU
		{B2FA8382-0FE9-490E-93D5-1A8A4D4627F2}.Release|Any CPU.Build.0 = Release|Any CPU
	EndGlobalSection
	GlobalSection(SolutionProperties) = preSolution
		HideSolutionNode = FALSE
	EndGlobalSection
	GlobalSection(ExtensibilityGlobals) = postSolution
		SolutionGuid = {C741D07F-9C31-4BE4-B2CA-A4A97ADD0097}
	EndGlobalSection
EndGlobal
